
Microsoft Visual Studio Solution File, Format Version 12.00
# Visual Studio Version 17
VisualStudioVersion = 17.3.32804.467
MinimumVisualStudioVersion = 10.0.40219.1
Project("{FAE04EC0-301F-11D3-BF4B-00C04F79EFBC}") = "LanguageTest", "LanguageTest\LanguageTest.csproj", "{EAEE674A-5B8F-4796-A450-2ED6797642EC}"
EndProject
Project("{FAE04EC0-301F-11D3-BF4B-00C04F79EFBC}") = "Localization", "Localization\Localization.csproj", "{331CCD10-D5AA-4D41-BC39-4EE16779C32D}"
EndProject
Global
	GlobalSection(SolutionConfigurationPlatforms) = preSolution
		Debug|Any CPU = Debug|Any CPU
		Release|Any CPU = Release|Any CPU
	EndGlobalSection
	GlobalSection(ProjectConfigurationPlatforms) = postSolution
		{EAEE674A-5B8F-4796-A450-2ED6797642EC}.Debug|Any CPU.ActiveCfg = Debug|Any CPU
		{EAEE674A-5B8F-4796-A450-2ED6797642EC}.Debug|Any CPU.Build.0 = Debug|Any CPU
		{EAEE674A-5B8F-4796-A450-2ED6797642EC}.Release|Any CPU.ActiveCfg = Release|Any CPU
		{EAEE674A-5B8F-4796-A450-2ED6797642EC}.Release|Any CPU.Build.0 = Release|Any CPU
		{331CCD10-D5AA-4D41-BC39-4EE16779C32D}.Debug|Any CPU.ActiveCfg = Debug|Any CPU
		{331CCD10-D5AA-4D41-BC39-4EE16779C32D}.Debug|Any CPU.Build.0 = Debug|Any CPU
		{331CCD10-D5AA-4D41-BC39-4EE16779C32D}.Release|Any CPU.ActiveCfg = Release|Any CPU
		{331CCD10-D5AA-4D41-BC39-4EE16779C32D}.Release|Any CPU.Build.0 = Release|Any CPU
	EndGlobalSection
	GlobalSection(SolutionProperties) = preSolution
		HideSolutionNode = FALSE
	EndGlobalSection
	GlobalSection(ExtensibilityGlobals) = postSolution
		SolutionGuid = {4EAEAEE2-BED6-4401-B184-A39BEF175717}
	EndGlobalSection
EndGlobal
